// !$*UTF8*$!
{
	archiveVersion = 1;
	classes = {
	};
	objectVersion = 50;
	objects = {

/* Begin PBXBuildFile section */
		C6808459218919660076401C /* AppDelegate.swift in Sources */ = {isa = PBXBuildFile; fileRef = C6808458218919660076401C /* AppDelegate.swift */; };
		C680845E218919660076401C /* Main.storyboard in Resources */ = {isa = PBXBuildFile; fileRef = C680845C218919660076401C /* Main.storyboard */; };
		C6808461218919660076401C /* ContactApp.xcdatamodeld in Sources */ = {isa = PBXBuildFile; fileRef = C680845F218919660076401C /* ContactApp.xcdatamodeld */; };
		C6808463218919670076401C /* Assets.xcassets in Resources */ = {isa = PBXBuildFile; fileRef = C6808462218919670076401C /* Assets.xcassets */; };
		C6808466218919670076401C /* LaunchScreen.storyboard in Resources */ = {isa = PBXBuildFile; fileRef = C6808464218919670076401C /* LaunchScreen.storyboard */; };
		C6808471218919670076401C /* ContactAppTests.swift in Sources */ = {isa = PBXBuildFile; fileRef = C6808470218919670076401C /* ContactAppTests.swift */; };
		C680847C218919670076401C /* ContactAppUITests.swift in Sources */ = {isa = PBXBuildFile; fileRef = C680847B218919670076401C /* ContactAppUITests.swift */; };
		C680848B21891AC20076401C /* Contact+CoreDataClass.swift in Sources */ = {isa = PBXBuildFile; fileRef = C680848921891AC20076401C /* Contact+CoreDataClass.swift */; };
		C680848C21891AC20076401C /* Contact+CoreDataProperties.swift in Sources */ = {isa = PBXBuildFile; fileRef = C680848A21891AC20076401C /* Contact+CoreDataProperties.swift */; };
		C680848E21891ED80076401C /* ContactsViewController.swift in Sources */ = {isa = PBXBuildFile; fileRef = C680848D21891ED80076401C /* ContactsViewController.swift */; };
		C680849021891EE90076401C /* SingleContactViewController.swift in Sources */ = {isa = PBXBuildFile; fileRef = C680848F21891EE90076401C /* SingleContactViewController.swift */; };
/* End PBXBuildFile section */

/* Begin PBXContainerItemProxy section */
		C680846D218919670076401C /* PBXContainerItemProxy */ = {
			isa = PBXContainerItemProxy;
			containerPortal = C680844D218919660076401C /* Project object */;
			proxyType = 1;
			remoteGlobalIDString = C6808454218919660076401C;
			remoteInfo = ContactApp;
		};
		C6808478218919670076401C /* PBXContainerItemProxy */ = {
			isa = PBXContainerItemProxy;
			containerPortal = C680844D218919660076401C /* Project object */;
			proxyType = 1;
			remoteGlobalIDString = C6808454218919660076401C;
			remoteInfo = ContactApp;
		};
/* End PBXContainerItemProxy section */

/* Begin PBXFileReference section */
		C6808455218919660076401C /* ContactApp.app */ = {isa = PBXFileReference; explicitFileType = wrapper.application; includeInIndex = 0; path = ContactApp.app; sourceTree = BUILT_PRODUCTS_DIR; };
		C6808458218919660076401C /* AppDelegate.swift */ = {isa = PBXFileReference; lastKnownFileType = sourcecode.swift; path = AppDelegate.swift; sourceTree = "<group>"; };
		C680845D218919660076401C /* Base */ = {isa = PBXFileReference; lastKnownFileType = file.storyboard; name = Base; path = Base.lproj/Main.storyboard; sourceTree = "<group>"; };
		C6808460218919660076401C /* ContactApp.xcdatamodel */ = {isa = PBXFileReference; lastKnownFileType = wrapper.xcdatamodel; path = ContactApp.xcdatamodel; sourceTree = "<group>"; };
		C6808462218919670076401C /* Assets.xcassets */ = {isa = PBXFileReference; lastKnownFileType = folder.assetcatalog; path = Assets.xcassets; sourceTree = "<group>"; };
		C6808465218919670076401C /* Base */ = {isa = PBXFileReference; lastKnownFileType = file.storyboard; name = Base; path = Base.lproj/LaunchScreen.storyboard; sourceTree = "<group>"; };
		C6808467218919670076401C /* Info.plist */ = {isa = PBXFileReference; lastKnownFileType = text.plist.xml; path = Info.plist; sourceTree = "<group>"; };
		C680846C218919670076401C /* ContactAppTests.xctest */ = {isa = PBXFileReference; explicitFileType = wrapper.cfbundle; includeInIndex = 0; path = ContactAppTests.xctest; sourceTree = BUILT_PRODUCTS_DIR; };
		C6808470218919670076401C /* ContactAppTests.swift */ = {isa = PBXFileReference; lastKnownFileType = sourcecode.swift; path = ContactAppTests.swift; sourceTree = "<group>"; };
		C6808472218919670076401C /* Info.plist */ = {isa = PBXFileReference; lastKnownFileType = text.plist.xml; path = Info.plist; sourceTree = "<group>"; };
		C6808477218919670076401C /* ContactAppUITests.xctest */ = {isa = PBXFileReference; explicitFileType = wrapper.cfbundle; includeInIndex = 0; path = ContactAppUITests.xctest; sourceTree = BUILT_PRODUCTS_DIR; };
		C680847B218919670076401C /* ContactAppUITests.swift */ = {isa = PBXFileReference; lastKnownFileType = sourcecode.swift; path = ContactAppUITests.swift; sourceTree = "<group>"; };
		C680847D218919670076401C /* Info.plist */ = {isa = PBXFileReference; lastKnownFileType = text.plist.xml; path = Info.plist; sourceTree = "<group>"; };
		C680848921891AC20076401C /* Contact+CoreDataClass.swift */ = {isa = PBXFileReference; lastKnownFileType = sourcecode.swift; path = "Contact+CoreDataClass.swift"; sourceTree = "<group>"; };
		C680848A21891AC20076401C /* Contact+CoreDataProperties.swift */ = {isa = PBXFileReference; lastKnownFileType = sourcecode.swift; path = "Contact+CoreDataProperties.swift"; sourceTree = "<group>"; };
		C680848D21891ED80076401C /* ContactsViewController.swift */ = {isa = PBXFileReference; lastKnownFileType = sourcecode.swift; path = ContactsViewController.swift; sourceTree = "<group>"; };
		C680848F21891EE90076401C /* SingleContactViewController.swift */ = {isa = PBXFileReference; lastKnownFileType = sourcecode.swift; path = SingleContactViewController.swift; sourceTree = "<group>"; };
/* End PBXFileReference section */

/* Begin PBXFrameworksBuildPhase section */
		C6808452218919660076401C /* Frameworks */ = {
			isa = PBXFrameworksBuildPhase;
			buildActionMask = 2147483647;
			files = (
			);
			runOnlyForDeploymentPostprocessing = 0;
		};
		C6808469218919670076401C /* Frameworks */ = {
			isa = PBXFrameworksBuildPhase;
			buildActionMask = 2147483647;
			files = (
			);
			runOnlyForDeploymentPostprocessing = 0;
		};
		C6808474218919670076401C /* Frameworks */ = {
			isa = PBXFrameworksBuildPhase;
			buildActionMask = 2147483647;
			files = (
			);
			runOnlyForDeploymentPostprocessing = 0;
		};
/* End PBXFrameworksBuildPhase section */

/* Begin PBXGroup section */
		C680844C218919660076401C = {
			isa = PBXGroup;
			children = (
				C6808457218919660076401C /* ContactApp */,
				C680846F218919670076401C /* ContactAppTests */,
				C680847A218919670076401C /* ContactAppUITests */,
				C6808456218919660076401C /* Products */,
			);
			sourceTree = "<group>";
		};
		C6808456218919660076401C /* Products */ = {
			isa = PBXGroup;
			children = (
				C6808455218919660076401C /* ContactApp.app */,
				C680846C218919670076401C /* ContactAppTests.xctest */,
				C6808477218919670076401C /* ContactAppUITests.xctest */,
			);
			name = Products;
			sourceTree = "<group>";
		};
		C6808457218919660076401C /* ContactApp */ = {
			isa = PBXGroup;
			children = (
				C680848921891AC20076401C /* Contact+CoreDataClass.swift */,
				C680848A21891AC20076401C /* Contact+CoreDataProperties.swift */,
				C6808458218919660076401C /* AppDelegate.swift */,
				C680845C218919660076401C /* Main.storyboard */,
				C6808462218919670076401C /* Assets.xcassets */,
				C6808464218919670076401C /* LaunchScreen.storyboard */,
				C6808467218919670076401C /* Info.plist */,
				C680845F218919660076401C /* ContactApp.xcdatamodeld */,
				C680848D21891ED80076401C /* ContactsViewController.swift */,
				C680848F21891EE90076401C /* SingleContactViewController.swift */,
			);
			path = ContactApp;
			sourceTree = "<group>";
		};
		C680846F218919670076401C /* ContactAppTests */ = {
			isa = PBXGroup;
			children = (
				C6808470218919670076401C /* ContactAppTests.swift */,
				C6808472218919670076401C /* Info.plist */,
			);
			path = ContactAppTests;
			sourceTree = "<group>";
		};
		C680847A218919670076401C /* ContactAppUITests */ = {
			isa = PBXGroup;
			children = (
				C680847B218919670076401C /* ContactAppUITests.swift */,
				C680847D218919670076401C /* Info.plist */,
			);
			path = ContactAppUITests;
			sourceTree = "<group>";
		};
/* End PBXGroup section */

/* Begin PBXNativeTarget section */
		C6808454218919660076401C /* ContactApp */ = {
			isa = PBXNativeTarget;
			buildConfigurationList = C6808480218919670076401C /* Build configuration list for PBXNativeTarget "ContactApp" */;
			buildPhases = (
				C6808451218919660076401C /* Sources */,
				C6808452218919660076401C /* Frameworks */,
				C6808453218919660076401C /* Resources */,
			);
			buildRules = (
			);
			dependencies = (
			);
			name = ContactApp;
			productName = ContactApp;
			productReference = C6808455218919660076401C /* ContactApp.app */;
			productType = "com.apple.product-type.application";
		};
		C680846B218919670076401C /* ContactAppTests */ = {
			isa = PBXNativeTarget;
			buildConfigurationList = C6808483218919670076401C /* Build configuration list for PBXNativeTarget "ContactAppTests" */;
			buildPhases = (
				C6808468218919670076401C /* Sources */,
				C6808469218919670076401C /* Frameworks */,
				C680846A218919670076401C /* Resources */,
			);
			buildRules = (
			);
			dependencies = (
				C680846E218919670076401C /* PBXTargetDependency */,
			);
			name = ContactAppTests;
			productName = ContactAppTests;
			productReference = C680846C218919670076401C /* ContactAppTests.xctest */;
			productType = "com.apple.product-type.bundle.unit-test";
		};
		C6808476218919670076401C /* ContactAppUITests */ = {
			isa = PBXNativeTarget;
			buildConfigurationList = C6808486218919670076401C /* Build configuration list for PBXNativeTarget "ContactAppUITests" */;
			buildPhases = (
				C6808473218919670076401C /* Sources */,
				C6808474218919670076401C /* Frameworks */,
				C6808475218919670076401C /* Resources */,
			);
			buildRules = (
			);
			dependencies = (
				C6808479218919670076401C /* PBXTargetDependency */,
			);
			name = ContactAppUITests;
			productName = ContactAppUITests;
			productReference = C6808477218919670076401C /* ContactAppUITests.xctest */;
			productType = "com.apple.product-type.bundle.ui-testing";
		};
/* End PBXNativeTarget section */

/* Begin PBXProject section */
		C680844D218919660076401C /* Project object */ = {
			isa = PBXProject;
			attributes = {
				LastSwiftUpdateCheck = 1010;
				LastUpgradeCheck = 1010;
				ORGANIZATIONNAME = "Allison Dolan";
				TargetAttributes = {
					C6808454218919660076401C = {
						CreatedOnToolsVersion = 10.1;
					};
					C680846B218919670076401C = {
						CreatedOnToolsVersion = 10.1;
						TestTargetID = C6808454218919660076401C;
					};
					C6808476218919670076401C = {
						CreatedOnToolsVersion = 10.1;
						TestTargetID = C6808454218919660076401C;
					};
				};
			};
			buildConfigurationList = C6808450218919660076401C /* Build configuration list for PBXProject "ContactApp" */;
			compatibilityVersion = "Xcode 9.3";
			developmentRegion = en;
			hasScannedForEncodings = 0;
			knownRegions = (
				en,
				Base,
			);
			mainGroup = C680844C218919660076401C;
			productRefGroup = C6808456218919660076401C /* Products */;
			projectDirPath = "";
			projectRoot = "";
			targets = (
				C6808454218919660076401C /* ContactApp */,
				C680846B218919670076401C /* ContactAppTests */,
				C6808476218919670076401C /* ContactAppUITests */,
			);
		};
/* End PBXProject section */

/* Begin PBXResourcesBuildPhase section */
		C6808453218919660076401C /* Resources */ = {
			isa = PBXResourcesBuildPhase;
			buildActionMask = 2147483647;
			files = (
				C6808466218919670076401C /* LaunchScreen.storyboard in Resources */,
				C6808463218919670076401C /* Assets.xcassets in Resources */,
				C680845E218919660076401C /* Main.storyboard in Resources */,
			);
			runOnlyForDeploymentPostprocessing = 0;
		};
		C680846A218919670076401C /* Resources */ = {
			isa = PBXResourcesBuildPhase;
			buildActionMask = 2147483647;
			files = (
			);
			runOnlyForDeploymentPostprocessing = 0;
		};
		C6808475218919670076401C /* Resources */ = {
			isa = PBXResourcesBuildPhase;
			buildActionMask = 2147483647;
			files = (
			);
			runOnlyForDeploymentPostprocessing = 0;
		};
/* End PBXResourcesBuildPhase section */

/* Begin PBXSourcesBuildPhase section */
		C6808451218919660076401C /* Sources */ = {
			isa = PBXSourcesBuildPhase;
			buildActionMask = 2147483647;
			files = (
				C6808461218919660076401C /* ContactApp.xcdatamodeld in Sources */,
				C680849021891EE90076401C /* SingleContactViewController.swift in Sources */,
				C680848B21891AC20076401C /* Contact+CoreDataClass.swift in Sources */,
				C680848C21891AC20076401C /* Contact+CoreDataProperties.swift in Sources */,
				C6808459218919660076401C /* AppDelegate.swift in Sources */,
				C680848E21891ED80076401C /* ContactsViewController.swift in Sources */,
			);
			runOnlyForDeploymentPostprocessing = 0;
		};
		C6808468218919670076401C /* Sources */ = {
			isa = PBXSourcesBuildPhase;
			buildActionMask = 2147483647;
			files = (
				C6808471218919670076401C /* ContactAppTests.swift in Sources */,
			);
			runOnlyForDeploymentPostprocessing = 0;
		};
		C6808473218919670076401C /* Sources */ = {
			isa = PBXSourcesBuildPhase;
			buildActionMask = 2147483647;
			files = (
				C680847C218919670076401C /* ContactAppUITests.swift in Sources */,
			);
			runOnlyForDeploymentPostprocessing = 0;
		};
/* End PBXSourcesBuildPhase section */

/* Begin PBXTargetDependency section */
		C680846E218919670076401C /* PBXTargetDependency */ = {
			isa = PBXTargetDependency;
			target = C6808454218919660076401C /* ContactApp */;
			targetProxy = C680846D218919670076401C /* PBXContainerItemProxy */;
		};
		C6808479218919670076401C /* PBXTargetDependency */ = {
			isa = PBXTargetDependency;
			target = C6808454218919660076401C /* ContactApp */;
			targetProxy = C6808478218919670076401C /* PBXContainerItemProxy */;
		};
/* End PBXTargetDependency section */

/* Begin PBXVariantGroup section */
		C680845C218919660076401C /* Main.storyboard */ = {
			isa = PBXVariantGroup;
			children = (
				C680845D218919660076401C /* Base */,
			);
			name = Main.storyboard;
			sourceTree = "<group>";
		};
		C6808464218919670076401C /* LaunchScreen.storyboard */ = {
			isa = PBXVariantGroup;
			children = (
				C6808465218919670076401C /* Base */,
			);
			name = LaunchScreen.storyboard;
			sourceTree = "<group>";
		};
/* End PBXVariantGroup section */

/* Begin XCBuildConfiguration section */
		C680847E218919670076401C /* Debug */ = {
			isa = XCBuildConfiguration;
			buildSettings = {
				ALWAYS_SEARCH_USER_PATHS = NO;
				CLANG_ANALYZER_NONNULL = YES;
				CLANG_ANALYZER_NUMBER_OBJECT_CONVERSION = YES_AGGRESSIVE;
				CLANG_CXX_LANGUAGE_STANDARD = "gnu++14";
				CLANG_CXX_LIBRARY = "libc++";
				CLANG_ENABLE_MODULES = YES;
				CLANG_ENABLE_OBJC_ARC = YES;
				CLANG_ENABLE_OBJC_WEAK = YES;
				CLANG_WARN_BLOCK_CAPTURE_AUTORELEASING = YES;
				CLANG_WARN_BOOL_CONVERSION = YES;
				CLANG_WARN_COMMA = YES;
				CLANG_WARN_CONSTANT_CONVERSION = YES;
				CLANG_WARN_DEPRECATED_OBJC_IMPLEMENTATIONS = YES;
				CLANG_WARN_DIRECT_OBJC_ISA_USAGE = YES_ERROR;
				CLANG_WARN_DOCUMENTATION_COMMENTS = YES;
				CLANG_WARN_EMPTY_BODY = YES;
				CLANG_WARN_ENUM_CONVERSION = YES;
				CLANG_WARN_INFINITE_RECURSION = YES;
				CLANG_WARN_INT_CONVERSION = YES;
				CLANG_WARN_NON_LITERAL_NULL_CONVERSION = YES;
				CLANG_WARN_OBJC_IMPLICIT_RETAIN_SELF = YES;
				CLANG_WARN_OBJC_LITERAL_CONVERSION = YES;
				CLANG_WARN_OBJC_ROOT_CLASS = YES_ERROR;
				CLANG_WARN_RANGE_LOOP_ANALYSIS = YES;
				CLANG_WARN_STRICT_PROTOTYPES = YES;
				CLANG_WARN_SUSPICIOUS_MOVE = YES;
				CLANG_WARN_UNGUARDED_AVAILABILITY = YES_AGGRESSIVE;
				CLANG_WARN_UNREACHABLE_CODE = YES;
				CLANG_WARN__DUPLICATE_METHOD_MATCH = YES;
				CODE_SIGN_IDENTITY = "iPhone Developer";
				COPY_PHASE_STRIP = NO;
				DEBUG_INFORMATION_FORMAT = dwarf;
				ENABLE_STRICT_OBJC_MSGSEND = YES;
				ENABLE_TESTABILITY = YES;
				GCC_C_LANGUAGE_STANDARD = gnu11;
				GCC_DYNAMIC_NO_PIC = NO;
				GCC_NO_COMMON_BLOCKS = YES;
				GCC_OPTIMIZATION_LEVEL = 0;
				GCC_PREPROCESSOR_DEFINITIONS = (
					"DEBUG=1",
					"$(inherited)",
				);
				GCC_WARN_64_TO_32_BIT_CONVERSION = YES;
				GCC_WARN_ABOUT_RETURN_TYPE = YES_ERROR;
				GCC_WARN_UNDECLARED_SELECTOR = YES;
				GCC_WARN_UNINITIALIZED_AUTOS = YES_AGGRESSIVE;
				GCC_WARN_UNUSED_FUNCTION = YES;
				GCC_WARN_UNUSED_VARIABLE = YES;
				IPHONEOS_DEPLOYMENT_TARGET = 12.1;
				MTL_ENABLE_DEBUG_INFO = INCLUDE_SOURCE;
				MTL_FAST_MATH = YES;
				ONLY_ACTIVE_ARCH = YES;
				SDKROOT = iphoneos;
				SWIFT_ACTIVE_COMPILATION_CONDITIONS = DEBUG;
				SWIFT_OPTIMIZATION_LEVEL = "-Onone";
			};
			name = Debug;
		};
		C680847F218919670076401C /* Release */ = {
			isa = XCBuildConfiguration;
			buildSettings = {
				ALWAYS_SEARCH_USER_PATHS = NO;
				CLANG_ANALYZER_NONNULL = YES;
				CLANG_ANALYZER_NUMBER_OBJECT_CONVERSION = YES_AGGRESSIVE;
				CLANG_CXX_LANGUAGE_STANDARD = "gnu++14";
				CLANG_CXX_LIBRARY = "libc++";
				CLANG_ENABLE_MODULES = YES;
				CLANG_ENABLE_OBJC_ARC = YES;
				CLANG_ENABLE_OBJC_WEAK = YES;
				CLANG_WARN_BLOCK_CAPTURE_AUTORELEASING = YES;
				CLANG_WARN_BOOL_CONVERSION = YES;
				CLANG_WARN_COMMA = YES;
				CLANG_WARN_CONSTANT_CONVERSION = YES;
				CLANG_WARN_DEPRECATED_OBJC_IMPLEMENTATIONS = YES;
				CLANG_WARN_DIRECT_OBJC_ISA_USAGE = YES_ERROR;
				CLANG_WARN_DOCUMENTATION_COMMENTS = YES;
				CLANG_WARN_EMPTY_BODY = YES;
				CLANG_WARN_ENUM_CONVERSION = YES;
				CLANG_WARN_INFINITE_RECURSION = YES;
				CLANG_WARN_INT_CONVERSION = YES;
				CLANG_WARN_NON_LITERAL_NULL_CONVERSION = YES;
				CLANG_WARN_OBJC_IMPLICIT_RETAIN_SELF = YES;
				CLANG_WARN_OBJC_LITERAL_CONVERSION = YES;
				CLANG_WARN_OBJC_ROOT_CLASS = YES_ERROR;
				CLANG_WARN_RANGE_LOOP_ANALYSIS = YES;
				CLANG_WARN_STRICT_PROTOTYPES = YES;
				CLANG_WARN_SUSPICIOUS_MOVE = YES;
				CLANG_WARN_UNGUARDED_AVAILABILITY = YES_AGGRESSIVE;
				CLANG_WARN_UNREACHABLE_CODE = YES;
				CLANG_WARN__DUPLICATE_METHOD_MATCH = YES;
				CODE_SIGN_IDENTITY = "iPhone Developer";
				COPY_PHASE_STRIP = NO;
				DEBUG_INFORMATION_FORMAT = "dwarf-with-dsym";
				ENABLE_NS_ASSERTIONS = NO;
				ENABLE_STRICT_OBJC_MSGSEND = YES;
				GCC_C_LANGUAGE_STANDARD = gnu11;
				GCC_NO_COMMON_BLOCKS = YES;
				GCC_WARN_64_TO_32_BIT_CONVERSION = YES;
				GCC_WARN_ABOUT_RETURN_TYPE = YES_ERROR;
				GCC_WARN_UNDECLARED_SELECTOR = YES;
				GCC_WARN_UNINITIALIZED_AUTOS = YES_AGGRESSIVE;
				GCC_WARN_UNUSED_FUNCTION = YES;
				GCC_WARN_UNUSED_VARIABLE = YES;
				IPHONEOS_DEPLOYMENT_TARGET = 12.1;
				MTL_ENABLE_DEBUG_INFO = NO;
				MTL_FAST_MATH = YES;
				SDKROOT = iphoneos;
				SWIFT_COMPILATION_MODE = wholemodule;
				SWIFT_OPTIMIZATION_LEVEL = "-O";
				VALIDATE_PRODUCT = YES;
			};
			name = Release;
		};
		C6808481218919670076401C /* Debug */ = {
			isa = XCBuildConfiguration;
			buildSettings = {
				ASSETCATALOG_COMPILER_APPICON_NAME = AppIcon;
				CODE_SIGN_STYLE = Automatic;
				INFOPLIST_FILE = ContactApp/Info.plist;
				LD_RUNPATH_SEARCH_PATHS = (
					"$(inherited)",
					"@executable_path/Frameworks",
				);
				PRODUCT_BUNDLE_IDENTIFIER = edu.missouri.ContactApp;
				PRODUCT_NAME = "$(TARGET_NAME)";
				SWIFT_VERSION = 4.2;
				TARGETED_DEVICE_FAMILY = "1,2";
			};
			name = Debug;
		};
		C6808482218919670076401C /* Release */ = {
			isa = XCBuildConfiguration;
			buildSettings = {
				ASSETCATALOG_COMPILER_APPICON_NAME = AppIcon;
				CODE_SIGN_STYLE = Automatic;
				INFOPLIST_FILE = ContactApp/Info.plist;
				LD_RUNPATH_SEARCH_PATHS = (
					"$(inherited)",
					"@executable_path/Frameworks",
				);
				PRODUCT_BUNDLE_IDENTIFIER = edu.missouri.ContactApp;
				PRODUCT_NAME = "$(TARGET_NAME)";
				SWIFT_VERSION = 4.2;
				TARGETED_DEVICE_FAMILY = "1,2";
			};
			name = Release;
		};
		C6808484218919670076401C /* Debug */ = {
			isa = XCBuildConfiguration;
			buildSettings = {
				ALWAYS_EMBED_SWIFT_STANDARD_LIBRARIES = YES;
				BUNDLE_LOADER = "$(TEST_HOST)";
				CODE_SIGN_STYLE = Automatic;
				INFOPLIST_FILE = ContactAppTests/Info.plist;
				LD_RUNPATH_SEARCH_PATHS = (
					"$(inherited)",
					"@executable_path/Frameworks",
					"@loader_path/Frameworks",
				);
				PRODUCT_BUNDLE_IDENTIFIER = edu.missouri.ContactAppTests;
				PRODUCT_NAME = "$(TARGET_NAME)";
				SWIFT_VERSION = 4.2;
				TARGETED_DEVICE_FAMILY = "1,2";
				TEST_HOST = "$(BUILT_PRODUCTS_DIR)/ContactApp.app/ContactApp";
			};
			name = Debug;
		};
		C6808485218919670076401C /* Release */ = {
			isa = XCBuildConfiguration;
			buildSettings = {
				ALWAYS_EMBED_SWIFT_STANDARD_LIBRARIES = YES;
				BUNDLE_LOADER = "$(TEST_HOST)";
				CODE_SIGN_STYLE = Automatic;
				INFOPLIST_FILE = ContactAppTests/Info.plist;
				LD_RUNPATH_SEARCH_PATHS = (
					"$(inherited)",
					"@executable_path/Frameworks",
					"@loader_path/Frameworks",
				);
				PRODUCT_BUNDLE_IDENTIFIER = edu.missouri.ContactAppTests;
				PRODUCT_NAME = "$(TARGET_NAME)";
				SWIFT_VERSION = 4.2;
				TARGETED_DEVICE_FAMILY = "1,2";
				TEST_HOST = "$(BUILT_PRODUCTS_DIR)/ContactApp.app/ContactApp";
			};
			name = Release;
		};
		C6808487218919670076401C /* Debug */ = {
			isa = XCBuildConfiguration;
			buildSettings = {
				ALWAYS_EMBED_SWIFT_STANDARD_LIBRARIES = YES;
				CODE_SIGN_STYLE = Automatic;
				INFOPLIST_FILE = ContactAppUITests/Info.plist;
				LD_RUNPATH_SEARCH_PATHS = (
					"$(inherited)",
					"@executable_path/Frameworks",
					"@loader_path/Frameworks",
				);
				PRODUCT_BUNDLE_IDENTIFIER = edu.missouri.ContactAppUITests;
				PRODUCT_NAME = "$(TARGET_NAME)";
				SWIFT_VERSION = 4.2;
				TARGETED_DEVICE_FAMILY = "1,2";
				TEST_TARGET_NAME = ContactApp;
			};
			name = Debug;
		};
		C6808488218919670076401C /* Release */ = {
			isa = XCBuildConfiguration;
			buildSettings = {
				ALWAYS_EMBED_SWIFT_STANDARD_LIBRARIES = YES;
				CODE_SIGN_STYLE = Automatic;
				INFOPLIST_FILE = ContactAppUITests/Info.plist;
				LD_RUNPATH_SEARCH_PATHS = (
					"$(inherited)",
					"@executable_path/Frameworks",
					"@loader_path/Frameworks",
				);
				PRODUCT_BUNDLE_IDENTIFIER = edu.missouri.ContactAppUITests;
				PRODUCT_NAME = "$(TARGET_NAME)";
				SWIFT_VERSION = 4.2;
				TARGETED_DEVICE_FAMILY = "1,2";
				TEST_TARGET_NAME = ContactApp;
			};
			name = Release;
		};
/* End XCBuildConfiguration section */

/* Begin XCConfigurationList section */
		C6808450218919660076401C /* Build configuration list for PBXProject "ContactApp" */ = {
			isa = XCConfigurationList;
			buildConfigurations = (
				C680847E218919670076401C /* Debug */,
				C680847F218919670076401C /* Release */,
			);
			defaultConfigurationIsVisible = 0;
			defaultConfigurationName = Release;
		};
		C6808480218919670076401C /* Build configuration list for PBXNativeTarget "ContactApp" */ = {
			isa = XCConfigurationList;
			buildConfigurations = (
				C6808481218919670076401C /* Debug */,
				C6808482218919670076401C /* Release */,
			);
			defaultConfigurationIsVisible = 0;
			defaultConfigurationName = Release;
		};
		C6808483218919670076401C /* Build configuration list for PBXNativeTarget "ContactAppTests" */ = {
			isa = XCConfigurationList;
			buildConfigurations = (
				C6808484218919670076401C /* Debug */,
				C6808485218919670076401C /* Release */,
			);
			defaultConfigurationIsVisible = 0;
			defaultConfigurationName = Release;
		};
		C6808486218919670076401C /* Build configuration list for PBXNativeTarget "ContactAppUITests" */ = {
			isa = XCConfigurationList;
			buildConfigurations = (
				C6808487218919670076401C /* Debug */,
				C6808488218919670076401C /* Release */,
			);
			defaultConfigurationIsVisible = 0;
			defaultConfigurationName = Release;
		};
/* End XCConfigurationList section */

/* Begin XCVersionGroup section */
		C680845F218919660076401C /* ContactApp.xcdatamodeld */ = {
			isa = XCVersionGroup;
			children = (
				C6808460218919660076401C /* ContactApp.xcdatamodel */,
			);
			currentVersion = C6808460218919660076401C /* ContactApp.xcdatamodel */;
			path = ContactApp.xcdatamodeld;
			sourceTree = "<group>";
			versionGroupType = wrapper.xcdatamodel;
		};
/* End XCVersionGroup section */
	};
	rootObject = C680844D218919660076401C /* Project object */;
}
